// !$*UTF8*$!
{
	archiveVersion = 1;
	classes = {
	};
	objectVersion = 46;
	objects = {

/* Begin PBXBuildFile section */
		33B5DEBB1EF7A305004BDEAA /* AppDelegate.swift in Sources */ = {isa = PBXBuildFile; fileRef = 33B5DEBA1EF7A305004BDEAA /* AppDelegate.swift */; };
		33B5DEBD1EF7A305004BDEAA /* ViewController.swift in Sources */ = {isa = PBXBuildFile; fileRef = 33B5DEBC1EF7A305004BDEAA /* ViewController.swift */; };
		33B5DEC01EF7A305004BDEAA /* Main.storyboard in Resources */ = {isa = PBXBuildFile; fileRef = 33B5DEBE1EF7A305004BDEAA /* Main.storyboard */; };
		33B5DEC21EF7A305004BDEAA /* Assets.xcassets in Resources */ = {isa = PBXBuildFile; fileRef = 33B5DEC11EF7A305004BDEAA /* Assets.xcassets */; };
		33B5DEC51EF7A305004BDEAA /* LaunchScreen.storyboard in Resources */ = {isa = PBXBuildFile; fileRef = 33B5DEC31EF7A305004BDEAA /* LaunchScreen.storyboard */; };
		33B5DECD1EF7A3AF004BDEAA /* HomeViewController.swift in Sources */ = {isa = PBXBuildFile; fileRef = 33B5DECC1EF7A3AF004BDEAA /* HomeViewController.swift */; };
		33B5DECF1EF7A3BE004BDEAA /* LoginViewController.swift in Sources */ = {isa = PBXBuildFile; fileRef = 33B5DECE1EF7A3BE004BDEAA /* LoginViewController.swift */; };
		33B5DED11EF7A3D9004BDEAA /* SettingViewController.swift in Sources */ = {isa = PBXBuildFile; fileRef = 33B5DED01EF7A3D9004BDEAA /* SettingViewController.swift */; };
		33B5DED31EF7A3E5004BDEAA /* PostViewController.swift in Sources */ = {isa = PBXBuildFile; fileRef = 33B5DED21EF7A3E5004BDEAA /* PostViewController.swift */; };
		33B5DED51EF7A404004BDEAA /* ImageSelectViewController.swift in Sources */ = {isa = PBXBuildFile; fileRef = 33B5DED41EF7A404004BDEAA /* ImageSelectViewController.swift */; };
		33B5DED71EF7D030004BDEAA /* GoogleService-Info.plist in Resources */ = {isa = PBXBuildFile; fileRef = 33B5DED61EF7D030004BDEAA /* GoogleService-Info.plist */; };
		B5161724F75ECBA6A706232D /* Pods_instagram.framework in Frameworks */ = {isa = PBXBuildFile; fileRef = 6A411F3BA9975EEDD8D320FB /* Pods_instagram.framework */; };
/* End PBXBuildFile section */

/* Begin PBXFileReference section */
		170DC51FCF0497BCCCB45109 /* Pods-instagram.release.xcconfig */ = {isa = PBXFileReference; includeInIndex = 1; lastKnownFileType = text.xcconfig; name = "Pods-instagram.release.xcconfig"; path = "Pods/Target Support Files/Pods-instagram/Pods-instagram.release.xcconfig"; sourceTree = "<group>"; };
		33B5DEB71EF7A305004BDEAA /* instagram.app */ = {isa = PBXFileReference; explicitFileType = wrapper.application; includeInIndex = 0; path = instagram.app; sourceTree = BUILT_PRODUCTS_DIR; };
		33B5DEBA1EF7A305004BDEAA /* AppDelegate.swift */ = {isa = PBXFileReference; lastKnownFileType = sourcecode.swift; path = AppDelegate.swift; sourceTree = "<group>"; };
		33B5DEBC1EF7A305004BDEAA /* ViewController.swift */ = {isa = PBXFileReference; lastKnownFileType = sourcecode.swift; path = ViewController.swift; sourceTree = "<group>"; };
		33B5DEBF1EF7A305004BDEAA /* Base */ = {isa = PBXFileReference; lastKnownFileType = file.storyboard; name = Base; path = Base.lproj/Main.storyboard; sourceTree = "<group>"; };
		33B5DEC11EF7A305004BDEAA /* Assets.xcassets */ = {isa = PBXFileReference; lastKnownFileType = folder.assetcatalog; path = Assets.xcassets; sourceTree = "<group>"; };
		33B5DEC41EF7A305004BDEAA /* Base */ = {isa = PBXFileReference; lastKnownFileType = file.storyboard; name = Base; path = Base.lproj/LaunchScreen.storyboard; sourceTree = "<group>"; };
		33B5DEC61EF7A305004BDEAA /* Info.plist */ = {isa = PBXFileReference; lastKnownFileType = text.plist.xml; path = Info.plist; sourceTree = "<group>"; };
		33B5DECC1EF7A3AF004BDEAA /* HomeViewController.swift */ = {isa = PBXFileReference; fileEncoding = 4; lastKnownFileType = sourcecode.swift; path = HomeViewController.swift; sourceTree = "<group>"; };
		33B5DECE1EF7A3BE004BDEAA /* LoginViewController.swift */ = {isa = PBXFileReference; fileEncoding = 4; lastKnownFileType = sourcecode.swift; path = LoginViewController.swift; sourceTree = "<group>"; };
		33B5DED01EF7A3D9004BDEAA /* SettingViewController.swift */ = {isa = PBXFileReference; fileEncoding = 4; lastKnownFileType = sourcecode.swift; path = SettingViewController.swift; sourceTree = "<group>"; };
		33B5DED21EF7A3E5004BDEAA /* PostViewController.swift */ = {isa = PBXFileReference; fileEncoding = 4; lastKnownFileType = sourcecode.swift; path = PostViewController.swift; sourceTree = "<group>"; };
		33B5DED41EF7A404004BDEAA /* ImageSelectViewController.swift */ = {isa = PBXFileReference; fileEncoding = 4; lastKnownFileType = sourcecode.swift; path = ImageSelectViewController.swift; sourceTree = "<group>"; };
		33B5DED61EF7D030004BDEAA /* GoogleService-Info.plist */ = {isa = PBXFileReference; fileEncoding = 4; lastKnownFileType = text.plist.xml; path = "GoogleService-Info.plist"; sourceTree = "<group>"; };
		6A411F3BA9975EEDD8D320FB /* Pods_instagram.framework */ = {isa = PBXFileReference; explicitFileType = wrapper.framework; includeInIndex = 0; path = Pods_instagram.framework; sourceTree = BUILT_PRODUCTS_DIR; };
		B2413F0DAAFE99CBFA73E9CB /* Pods-instagram.debug.xcconfig */ = {isa = PBXFileReference; includeInIndex = 1; lastKnownFileType = text.xcconfig; name = "Pods-instagram.debug.xcconfig"; path = "Pods/Target Support Files/Pods-instagram/Pods-instagram.debug.xcconfig"; sourceTree = "<group>"; };
/* End PBXFileReference section */

/* Begin PBXFrameworksBuildPhase section */
		33B5DEB41EF7A305004BDEAA /* Frameworks */ = {
			isa = PBXFrameworksBuildPhase;
			buildActionMask = 2147483647;
			files = (
				B5161724F75ECBA6A706232D /* Pods_instagram.framework in Frameworks */,
			);
			runOnlyForDeploymentPostprocessing = 0;
		};
/* End PBXFrameworksBuildPhase section */

/* Begin PBXGroup section */
		33B5DEAE1EF7A305004BDEAA = {
			isa = PBXGroup;
			children = (
				33B5DEB91EF7A305004BDEAA /* instagram */,
				33B5DEB81EF7A305004BDEAA /* Products */,
				975F22389BB0AA2AF998F6BA /* Pods */,
				419BD6E50FD4A8B1FC429BC5 /* Frameworks */,
			);
			sourceTree = "<group>";
		};
		33B5DEB81EF7A305004BDEAA /* Products */ = {
			isa = PBXGroup;
			children = (
				33B5DEB71EF7A305004BDEAA /* instagram.app */,
			);
			name = Products;
			sourceTree = "<group>";
		};
		33B5DEB91EF7A305004BDEAA /* instagram */ = {
			isa = PBXGroup;
			children = (
				33B5DECE1EF7A3BE004BDEAA /* LoginViewController.swift */,
				33B5DEBA1EF7A305004BDEAA /* AppDelegate.swift */,
				33B5DEBC1EF7A305004BDEAA /* ViewController.swift */,
				33B5DEBE1EF7A305004BDEAA /* Main.storyboard */,
				33B5DEC11EF7A305004BDEAA /* Assets.xcassets */,
				33B5DEC31EF7A305004BDEAA /* LaunchScreen.storyboard */,
				33B5DEC61EF7A305004BDEAA /* Info.plist */,
				33B5DECC1EF7A3AF004BDEAA /* HomeViewController.swift */,
				33B5DED01EF7A3D9004BDEAA /* SettingViewController.swift */,
				33B5DED21EF7A3E5004BDEAA /* PostViewController.swift */,
				33B5DED41EF7A404004BDEAA /* ImageSelectViewController.swift */,
				33B5DED61EF7D030004BDEAA /* GoogleService-Info.plist */,
			);
			path = instagram;
			sourceTree = "<group>";
		};
		419BD6E50FD4A8B1FC429BC5 /* Frameworks */ = {
			isa = PBXGroup;
			children = (
				6A411F3BA9975EEDD8D320FB /* Pods_instagram.framework */,
			);
			name = Frameworks;
			sourceTree = "<group>";
		};
		975F22389BB0AA2AF998F6BA /* Pods */ = {
			isa = PBXGroup;
			children = (
				B2413F0DAAFE99CBFA73E9CB /* Pods-instagram.debug.xcconfig */,
				170DC51FCF0497BCCCB45109 /* Pods-instagram.release.xcconfig */,
			);
			name = Pods;
			sourceTree = "<group>";
		};
/* End PBXGroup section */

/* Begin PBXNativeTarget section */
		33B5DEB61EF7A305004BDEAA /* instagram */ = {
			isa = PBXNativeTarget;
			buildConfigurationList = 33B5DEC91EF7A305004BDEAA /* Build configuration list for PBXNativeTarget "instagram" */;
			buildPhases = (
				ECB2D02F81934A1D80476F97 /* [CP] Check Pods Manifest.lock */,
				33B5DEB31EF7A305004BDEAA /* Sources */,
				33B5DEB41EF7A305004BDEAA /* Frameworks */,
				33B5DEB51EF7A305004BDEAA /* Resources */,
				CE438E728C53DB3523E2D38E /* [CP] Embed Pods Frameworks */,
				A2A31FACADDBC2B254CA5556 /* [CP] Copy Pods Resources */,
			);
			buildRules = (
			);
			dependencies = (
			);
			name = instagram;
			productName = instagram;
			productReference = 33B5DEB71EF7A305004BDEAA /* instagram.app */;
			productType = "com.apple.product-type.application";
		};
/* End PBXNativeTarget section */

/* Begin PBXProject section */
		33B5DEAF1EF7A305004BDEAA /* Project object */ = {
			isa = PBXProject;
			attributes = {
				LastSwiftUpdateCheck = 0830;
				LastUpgradeCheck = 0830;
				ORGANIZATIONNAME = rei.yamaguchi;
				TargetAttributes = {
					33B5DEB61EF7A305004BDEAA = {
						CreatedOnToolsVersion = 8.3.2;
						DevelopmentTeam = MR5KMTJTS3;
						ProvisioningStyle = Automatic;
					};
				};
			};
			buildConfigurationList = 33B5DEB21EF7A305004BDEAA /* Build configuration list for PBXProject "instagram" */;
			compatibilityVersion = "Xcode 3.2";
			developmentRegion = English;
			hasScannedForEncodings = 0;
			knownRegions = (
				en,
				Base,
			);
			mainGroup = 33B5DEAE1EF7A305004BDEAA;
			productRefGroup = 33B5DEB81EF7A305004BDEAA /* Products */;
			projectDirPath = "";
			projectRoot = "";
			targets = (
				33B5DEB61EF7A305004BDEAA /* instagram */,
			);
		};
/* End PBXProject section */

/* Begin PBXResourcesBuildPhase section */
		33B5DEB51EF7A305004BDEAA /* Resources */ = {
			isa = PBXResourcesBuildPhase;
			buildActionMask = 2147483647;
			files = (
				33B5DEC51EF7A305004BDEAA /* LaunchScreen.storyboard in Resources */,
				33B5DED71EF7D030004BDEAA /* GoogleService-Info.plist in Resources */,
				33B5DEC21EF7A305004BDEAA /* Assets.xcassets in Resources */,
				33B5DEC01EF7A305004BDEAA /* Main.storyboard in Resources */,
			);
			runOnlyForDeploymentPostprocessing = 0;
		};
/* End PBXResourcesBuildPhase section */

/* Begin PBXShellScriptBuildPhase section */
		A2A31FACADDBC2B254CA5556 /* [CP] Copy Pods Resources */ = {
			isa = PBXShellScriptBuildPhase;
			buildActionMask = 2147483647;
			files = (
			);
			inputPaths = (
			);
			name = "[CP] Copy Pods Resources";
			outputPaths = (
			);
			runOnlyForDeploymentPostprocessing = 0;
			shellPath = /bin/sh;
			shellScript = "\"${SRCROOT}/Pods/Target Support Files/Pods-instagram/Pods-instagram-resources.sh\"\n";
			showEnvVarsInLog = 0;
		};
		CE438E728C53DB3523E2D38E /* [CP] Embed Pods Frameworks */ = {
			isa = PBXShellScriptBuildPhase;
			buildActionMask = 2147483647;
			files = (
			);
			inputPaths = (
			);
			name = "[CP] Embed Pods Frameworks";
			outputPaths = (
			);
			runOnlyForDeploymentPostprocessing = 0;
			shellPath = /bin/sh;
			shellScript = "\"${SRCROOT}/Pods/Target Support Files/Pods-instagram/Pods-instagram-frameworks.sh\"\n";
			showEnvVarsInLog = 0;
		};
		ECB2D02F81934A1D80476F97 /* [CP] Check Pods Manifest.lock */ = {
			isa = PBXShellScriptBuildPhase;
			buildActionMask = 2147483647;
			files = (
			);
			inputPaths = (
			);
			name = "[CP] Check Pods Manifest.lock";
			outputPaths = (
			);
			runOnlyForDeploymentPostprocessing = 0;
			shellPath = /bin/sh;
			shellScript = "diff \"${PODS_PODFILE_DIR_PATH}/Podfile.lock\" \"${PODS_ROOT}/Manifest.lock\" > /dev/null\nif [ $? != 0 ] ; then\n    # print error to STDERR\n    echo \"error: The sandbox is not in sync with the Podfile.lock. Run 'pod install' or update your CocoaPods installation.\" >&2\n    exit 1\nfi\n";
			showEnvVarsInLog = 0;
		};
/* End PBXShellScriptBuildPhase section */

/* Begin PBXSourcesBuildPhase section */
		33B5DEB31EF7A305004BDEAA /* Sources */ = {
			isa = PBXSourcesBuildPhase;
			buildActionMask = 2147483647;
			files = (
				33B5DED51EF7A404004BDEAA /* ImageSelectViewController.swift in Sources */,
				33B5DED31EF7A3E5004BDEAA /* PostViewController.swift in Sources */,
				33B5DED11EF7A3D9004BDEAA /* SettingViewController.swift in Sources */,
				33B5DECF1EF7A3BE004BDEAA /* LoginViewController.swift in Sources */,
				33B5DEBD1EF7A305004BDEAA /* ViewController.swift in Sources */,
				33B5DEBB1EF7A305004BDEAA /* AppDelegate.swift in Sources */,
				33B5DECD1EF7A3AF004BDEAA /* HomeViewController.swift in Sources */,
			);
			runOnlyForDeploymentPostprocessing = 0;
		};
/* End PBXSourcesBuildPhase section */

/* Begin PBXVariantGroup section */
		33B5DEBE1EF7A305004BDEAA /* Main.storyboard */ = {
			isa = PBXVariantGroup;
			children = (
				33B5DEBF1EF7A305004BDEAA /* Base */,
			);
			name = Main.storyboard;
			sourceTree = "<group>";
		};
		33B5DEC31EF7A305004BDEAA /* LaunchScreen.storyboard */ = {
			isa = PBXVariantGroup;
			children = (
				33B5DEC41EF7A305004BDEAA /* Base */,
			);
			name = LaunchScreen.storyboard;
			sourceTree = "<group>";
		};
/* End PBXVariantGroup section */

/* Begin XCBuildConfiguration section */
		33B5DEC71EF7A305004BDEAA /* Debug */ = {
			isa = XCBuildConfiguration;
			buildSettings = {
				ALWAYS_SEARCH_USER_PATHS = NO;
				CLANG_ANALYZER_NONNULL = YES;
				CLANG_ANALYZER_NUMBER_OBJECT_CONVERSION = YES_AGGRESSIVE;
				CLANG_CXX_LANGUAGE_STANDARD = "gnu++0x";
				CLANG_CXX_LIBRARY = "libc++";
				CLANG_ENABLE_MODULES = YES;
				CLANG_ENABLE_OBJC_ARC = YES;
				CLANG_WARN_BOOL_CONVERSION = YES;
				CLANG_WARN_CONSTANT_CONVERSION = YES;
				CLANG_WARN_DIRECT_OBJC_ISA_USAGE = YES_ERROR;
				CLANG_WARN_DOCUMENTATION_COMMENTS = YES;
				CLANG_WARN_EMPTY_BODY = YES;
				CLANG_WARN_ENUM_CONVERSION = YES;
				CLANG_WARN_INFINITE_RECURSION = YES;
				CLANG_WARN_INT_CONVERSION = YES;
				CLANG_WARN_OBJC_ROOT_CLASS = YES_ERROR;
				CLANG_WARN_SUSPICIOUS_MOVE = YES;
				CLANG_WARN_UNREACHABLE_CODE = YES;
				CLANG_WARN__DUPLICATE_METHOD_MATCH = YES;
				"CODE_SIGN_IDENTITY[sdk=iphoneos*]" = "iPhone Developer";
				COPY_PHASE_STRIP = NO;
				DEBUG_INFORMATION_FORMAT = dwarf;
				ENABLE_STRICT_OBJC_MSGSEND = YES;
				ENABLE_TESTABILITY = YES;
				GCC_C_LANGUAGE_STANDARD = gnu99;
				GCC_DYNAMIC_NO_PIC = NO;
				GCC_NO_COMMON_BLOCKS = YES;
				GCC_OPTIMIZATION_LEVEL = 0;
				GCC_PREPROCESSOR_DEFINITIONS = (
					"DEBUG=1",
					"$(inherited)",
				);
				GCC_WARN_64_TO_32_BIT_CONVERSION = YES;
				GCC_WARN_ABOUT_RETURN_TYPE = YES_ERROR;
				GCC_WARN_UNDECLARED_SELECTOR = YES;
				GCC_WARN_UNINITIALIZED_AUTOS = YES_AGGRESSIVE;
				GCC_WARN_UNUSED_FUNCTION = YES;
				GCC_WARN_UNUSED_VARIABLE = YES;
				IPHONEOS_DEPLOYMENT_TARGET = 10.3;
				MTL_ENABLE_DEBUG_INFO = YES;
				ONLY_ACTIVE_ARCH = YES;
				SDKROOT = iphoneos;
				SWIFT_ACTIVE_COMPILATION_CONDITIONS = DEBUG;
				SWIFT_OPTIMIZATION_LEVEL = "-Onone";
			};
			name = Debug;
		};
		33B5DEC81EF7A305004BDEAA /* Release */ = {
			isa = XCBuildConfiguration;
			buildSettings = {
				ALWAYS_SEARCH_USER_PATHS = NO;
				CLANG_ANALYZER_NONNULL = YES;
				CLANG_ANALYZER_NUMBER_OBJECT_CONVERSION = YES_AGGRESSIVE;
				CLANG_CXX_LANGUAGE_STANDARD = "gnu++0x";
				CLANG_CXX_LIBRARY = "libc++";
				CLANG_ENABLE_MODULES = YES;
				CLANG_ENABLE_OBJC_ARC = YES;
				CLANG_WARN_BOOL_CONVERSION = YES;
				CLANG_WARN_CONSTANT_CONVERSION = YES;
				CLANG_WARN_DIRECT_OBJC_ISA_USAGE = YES_ERROR;
				CLANG_WARN_DOCUMENTATION_COMMENTS = YES;
				CLANG_WARN_EMPTY_BODY = YES;
				CLANG_WARN_ENUM_CONVERSION = YES;
				CLANG_WARN_INFINITE_RECURSION = YES;
				CLANG_WARN_INT_CONVERSION = YES;
				CLANG_WARN_OBJC_ROOT_CLASS = YES_ERROR;
				CLANG_WARN_SUSPICIOUS_MOVE = YES;
				CLANG_WARN_UNREACHABLE_CODE = YES;
				CLANG_WARN__DUPLICATE_METHOD_MATCH = YES;
				"CODE_SIGN_IDENTITY[sdk=iphoneos*]" = "iPhone Developer";
				COPY_PHASE_STRIP = NO;
				DEBUG_INFORMATION_FORMAT = "dwarf-with-dsym";
				ENABLE_NS_ASSERTIONS = NO;
				ENABLE_STRICT_OBJC_MSGSEND = YES;
				GCC_C_LANGUAGE_STANDARD = gnu99;
				GCC_NO_COMMON_BLOCKS = YES;
				GCC_WARN_64_TO_32_BIT_CONVERSION = YES;
				GCC_WARN_ABOUT_RETURN_TYPE = YES_ERROR;
				GCC_WARN_UNDECLARED_SELECTOR = YES;
				GCC_WARN_UNINITIALIZED_AUTOS = YES_AGGRESSIVE;
				GCC_WARN_UNUSED_FUNCTION = YES;
				GCC_WARN_UNUSED_VARIABLE = YES;
				IPHONEOS_DEPLOYMENT_TARGET = 10.3;
				MTL_ENABLE_DEBUG_INFO = NO;
				SDKROOT = iphoneos;
				SWIFT_OPTIMIZATION_LEVEL = "-Owholemodule";
				VALIDATE_PRODUCT = YES;
			};
			name = Release;
		};
		33B5DECA1EF7A305004BDEAA /* Debug */ = {
			isa = XCBuildConfiguration;
			baseConfigurationReference = B2413F0DAAFE99CBFA73E9CB /* Pods-instagram.debug.xcconfig */;
			buildSettings = {
				ASSETCATALOG_COMPILER_APPICON_NAME = AppIcon;
				DEVELOPMENT_TEAM = MR5KMTJTS3;
				INFOPLIST_FILE = instagram/Info.plist;
				LD_RUNPATH_SEARCH_PATHS = "$(inherited) @executable_path/Frameworks";
				PRODUCT_BUNDLE_IDENTIFIER = jp.techacademy.rei.yamaguchi.instagram;
				PRODUCT_NAME = "$(TARGET_NAME)";
				SWIFT_VERSION = 3.0;
			};
			name = Debug;
		};
		33B5DECB1EF7A305004BDEAA /* Release */ = {
			isa = XCBuildConfiguration;
			baseConfigurationReference = 170DC51FCF0497BCCCB45109 /* Pods-instagram.release.xcconfig */;
			buildSettings = {
				ASSETCATALOG_COMPILER_APPICON_NAME = AppIcon;
				DEVELOPMENT_TEAM = MR5KMTJTS3;
				INFOPLIST_FILE = instagram/Info.plist;
				LD_RUNPATH_SEARCH_PATHS = "$(inherited) @executable_path/Frameworks";
				PRODUCT_BUNDLE_IDENTIFIER = jp.techacademy.rei.yamaguchi.instagram;
				PRODUCT_NAME = "$(TARGET_NAME)";
				SWIFT_VERSION = 3.0;
			};
			name = Release;
		};
/* End XCBuildConfiguration section */

/* Begin XCConfigurationList section */
		33B5DEB21EF7A305004BDEAA /* Build configuration list for PBXProject "instagram" */ = {
			isa = XCConfigurationList;
			buildConfigurations = (
				33B5DEC71EF7A305004BDEAA /* Debug */,
				33B5DEC81EF7A305004BDEAA /* Release */,
			);
			defaultConfigurationIsVisible = 0;
			defaultConfigurationName = Release;
		};
		33B5DEC91EF7A305004BDEAA /* Build configuration list for PBXNativeTarget "instagram" */ = {
			isa = XCConfigurationList;
			buildConfigurations = (
				33B5DECA1EF7A305004BDEAA /* Debug */,
				33B5DECB1EF7A305004BDEAA /* Release */,
			);
			defaultConfigurationIsVisible = 0;
			defaultConfigurationName = Release;
		};
/* End XCConfigurationList section */
	};
	rootObject = 33B5DEAF1EF7A305004BDEAA /* Project object */;
}
